
Microsoft Visual Studio Solution File, Format Version 12.00
# Visual Studio 15
Project("{FAE04EC0-301F-11D3-BF4B-00C04F79EFBC}") = "Unity.AssetBundleBrowser.Editor", "Unity.AssetBundleBrowser.Editor.csproj", "{FB325EC2-BCA7-8700-B543-AF5E9C390F83}"
EndProject
Project("{FAE04EC0-301F-11D3-BF4B-00C04F79EFBC}") = "Assembly-CSharp", "Assembly-CSharp.csproj", "{B7BF826C-98DA-A05B-7C8B-8F0EA2C4BED6}"
EndProject
Project("{FAE04EC0-301F-11D3-BF4B-00C04F79EFBC}") = "Assembly-CSharp-Editor", "Assembly-CSharp-Editor.csproj", "{EDB99D0B-7014-6BEE-B984-B6801938EA23}"
EndProject
Global
	GlobalSection(SolutionConfigurationPlatforms) = preSolution
		Debug|Any CPU = Debug|Any CPU
		Release|Any CPU = Release|Any CPU
	EndGlobalSection
	GlobalSection(ProjectConfigurationPlatforms) = postSolution
		{FB325EC2-BCA7-8700-B543-AF5E9C390F83}.Debug|Any CPU.ActiveCfg = Debug|Any CPU
		{FB325EC2-BCA7-8700-B543-AF5E9C390F83}.Debug|Any CPU.Build.0 = Debug|Any CPU
		{FB325EC2-BCA7-8700-B543-AF5E9C390F83}.Release|Any CPU.ActiveCfg = Release|Any CPU
		{FB325EC2-BCA7-8700-B543-AF5E9C390F83}.Release|Any CPU.Build.0 = Release|Any CPU
		{B7BF826C-98DA-A05B-7C8B-8F0EA2C4BED6}.Debug|Any CPU.ActiveCfg = Debug|Any CPU
		{B7BF826C-98DA-A05B-7C8B-8F0EA2C4BED6}.Debug|Any CPU.Build.0 = Debug|Any CPU
		{B7BF826C-98DA-A05B-7C8B-8F0EA2C4BED6}.Release|Any CPU.ActiveCfg = Release|Any CPU
		{B7BF826C-98DA-A05B-7C8B-8F0EA2C4BED6}.Release|Any CPU.Build.0 = Release|Any CPU
		{EDB99D0B-7014-6BEE-B984-B6801938EA23}.Debug|Any CPU.ActiveCfg = Debug|Any CPU
		{EDB99D0B-7014-6BEE-B984-B6801938EA23}.Debug|Any CPU.Build.0 = Debug|Any CPU
		{EDB99D0B-7014-6BEE-B984-B6801938EA23}.Release|Any CPU.ActiveCfg = Release|Any CPU
		{EDB99D0B-7014-6BEE-B984-B6801938EA23}.Release|Any CPU.Build.0 = Release|Any CPU
	EndGlobalSection
	GlobalSection(SolutionProperties) = preSolution
		HideSolutionNode = FALSE
	EndGlobalSection
EndGlobal
