
Microsoft Visual Studio Solution File, Format Version 12.00
# Visual Studio 15
Project("{FAE04EC0-301F-11D3-BF4B-00C04F79EFBC}") = "Assembly-CSharp", "Assembly-CSharp.csproj", "{3576E367-AD0D-FA29-FFB5-59E261F0EF86}"
EndProject
Project("{FAE04EC0-301F-11D3-BF4B-00C04F79EFBC}") = "Assembly-CSharp-firstpass", "Assembly-CSharp-firstpass.csproj", "{47C6771D-6099-476F-8CFC-A14BE0880280}"
EndProject
Global
	GlobalSection(SolutionConfigurationPlatforms) = preSolution
		Debug|Any CPU = Debug|Any CPU
		Release|Any CPU = Release|Any CPU
	EndGlobalSection
	GlobalSection(ProjectConfigurationPlatforms) = postSolution
		{3576E367-AD0D-FA29-FFB5-59E261F0EF86}.Debug|Any CPU.ActiveCfg = Debug|Any CPU
		{3576E367-AD0D-FA29-FFB5-59E261F0EF86}.Debug|Any CPU.Build.0 = Debug|Any CPU
		{3576E367-AD0D-FA29-FFB5-59E261F0EF86}.Release|Any CPU.ActiveCfg = Release|Any CPU
		{3576E367-AD0D-FA29-FFB5-59E261F0EF86}.Release|Any CPU.Build.0 = Release|Any CPU
		{47C6771D-6099-476F-8CFC-A14BE0880280}.Debug|Any CPU.ActiveCfg = Debug|Any CPU
		{47C6771D-6099-476F-8CFC-A14BE0880280}.Debug|Any CPU.Build.0 = Debug|Any CPU
		{47C6771D-6099-476F-8CFC-A14BE0880280}.Release|Any CPU.ActiveCfg = Release|Any CPU
		{47C6771D-6099-476F-8CFC-A14BE0880280}.Release|Any CPU.Build.0 = Release|Any CPU
	EndGlobalSection
	GlobalSection(SolutionProperties) = preSolution
		HideSolutionNode = FALSE
	EndGlobalSection
EndGlobal
