
Microsoft Visual Studio Solution File, Format Version 12.00
# Visual Studio 15
Project("{FAE04EC0-301F-11D3-BF4B-00C04F79EFBC}") = "Assembly-CSharp", "Assembly-CSharp.csproj", "{160B5C99-54EB-3F88-B01D-DAC65D5874FE}"
EndProject
Project("{FAE04EC0-301F-11D3-BF4B-00C04F79EFBC}") = "Assembly-CSharp-Editor-firstpass", "Assembly-CSharp-Editor-firstpass.csproj", "{1A15722E-C80E-BC2B-E12B-A4624DF16DEB}"
EndProject
Project("{FAE04EC0-301F-11D3-BF4B-00C04F79EFBC}") = "Assembly-CSharp-firstpass", "Assembly-CSharp-firstpass.csproj", "{DC916CFB-B3CD-9BC5-BBCC-3D97E63AF5D0}"
EndProject
Global
	GlobalSection(SolutionConfigurationPlatforms) = preSolution
		Debug|Any CPU = Debug|Any CPU
		Release|Any CPU = Release|Any CPU
	EndGlobalSection
	GlobalSection(ProjectConfigurationPlatforms) = postSolution
		{160B5C99-54EB-3F88-B01D-DAC65D5874FE}.Debug|Any CPU.ActiveCfg = Debug|Any CPU
		{160B5C99-54EB-3F88-B01D-DAC65D5874FE}.Debug|Any CPU.Build.0 = Debug|Any CPU
		{160B5C99-54EB-3F88-B01D-DAC65D5874FE}.Release|Any CPU.ActiveCfg = Release|Any CPU
		{160B5C99-54EB-3F88-B01D-DAC65D5874FE}.Release|Any CPU.Build.0 = Release|Any CPU
		{1A15722E-C80E-BC2B-E12B-A4624DF16DEB}.Debug|Any CPU.ActiveCfg = Debug|Any CPU
		{1A15722E-C80E-BC2B-E12B-A4624DF16DEB}.Debug|Any CPU.Build.0 = Debug|Any CPU
		{1A15722E-C80E-BC2B-E12B-A4624DF16DEB}.Release|Any CPU.ActiveCfg = Release|Any CPU
		{1A15722E-C80E-BC2B-E12B-A4624DF16DEB}.Release|Any CPU.Build.0 = Release|Any CPU
		{DC916CFB-B3CD-9BC5-BBCC-3D97E63AF5D0}.Debug|Any CPU.ActiveCfg = Debug|Any CPU
		{DC916CFB-B3CD-9BC5-BBCC-3D97E63AF5D0}.Debug|Any CPU.Build.0 = Debug|Any CPU
		{DC916CFB-B3CD-9BC5-BBCC-3D97E63AF5D0}.Release|Any CPU.ActiveCfg = Release|Any CPU
		{DC916CFB-B3CD-9BC5-BBCC-3D97E63AF5D0}.Release|Any CPU.Build.0 = Release|Any CPU
	EndGlobalSection
	GlobalSection(SolutionProperties) = preSolution
		HideSolutionNode = FALSE
	EndGlobalSection
EndGlobal
