
Microsoft Visual Studio Solution File, Format Version 12.00
# Visual Studio 15
Project("{FAE04EC0-301F-11D3-BF4B-00C04F79EFBC}") = "Assembly-CSharp", "Assembly-CSharp.csproj", "{AAAB7904-EEA2-C546-7CD2-785DF61A78F4}"
EndProject
Project("{FAE04EC0-301F-11D3-BF4B-00C04F79EFBC}") = "Assembly-CSharp-Editor", "Assembly-CSharp-Editor.csproj", "{D7B36453-0859-9EF9-3C5F-73A63E834578}"
EndProject
Project("{FAE04EC0-301F-11D3-BF4B-00C04F79EFBC}") = "SimpleScrollSnap", "SimpleScrollSnap.csproj", "{32D20F9E-D731-FFAE-EE05-0CAC3FB60B4E}"
EndProject
Project("{FAE04EC0-301F-11D3-BF4B-00C04F79EFBC}") = "Assembly-CSharp-firstpass", "Assembly-CSharp-firstpass.csproj", "{319FB817-F220-DC7E-CB45-088081BBE748}"
EndProject
Project("{FAE04EC0-301F-11D3-BF4B-00C04F79EFBC}") = "SimpleScrollSnapEditor", "SimpleScrollSnapEditor.csproj", "{2ABAD1FD-E41D-5168-8A20-FFD3A6DCB9A3}"
EndProject
Project("{FAE04EC0-301F-11D3-BF4B-00C04F79EFBC}") = "UtilitiesEditor", "UtilitiesEditor.csproj", "{4D2F9BAF-E60F-F681-DF6A-453058D434DB}"
EndProject
Project("{FAE04EC0-301F-11D3-BF4B-00C04F79EFBC}") = "SimpleInspectorAttributesEditor", "SimpleInspectorAttributesEditor.csproj", "{3AC89EAA-99BC-EE14-34F5-5A8CCFAF2AAA}"
EndProject
Project("{FAE04EC0-301F-11D3-BF4B-00C04F79EFBC}") = "Utilities", "Utilities.csproj", "{BBC2A2B8-3BF1-32A9-2DE6-18D2302ACBC7}"
EndProject
Project("{FAE04EC0-301F-11D3-BF4B-00C04F79EFBC}") = "CopyrightNoticeEditor", "CopyrightNoticeEditor.csproj", "{B08564A3-3805-196A-C686-0A5D750F9726}"
EndProject
Project("{FAE04EC0-301F-11D3-BF4B-00C04F79EFBC}") = "SimpleInspectorAttributes", "SimpleInspectorAttributes.csproj", "{13CC598A-8662-6650-72E1-FBC1FDCB6405}"
EndProject
Global
	GlobalSection(SolutionConfigurationPlatforms) = preSolution
		Debug|Any CPU = Debug|Any CPU
		Release|Any CPU = Release|Any CPU
	EndGlobalSection
	GlobalSection(ProjectConfigurationPlatforms) = postSolution
		{AAAB7904-EEA2-C546-7CD2-785DF61A78F4}.Debug|Any CPU.ActiveCfg = Debug|Any CPU
		{AAAB7904-EEA2-C546-7CD2-785DF61A78F4}.Debug|Any CPU.Build.0 = Debug|Any CPU
		{AAAB7904-EEA2-C546-7CD2-785DF61A78F4}.Release|Any CPU.ActiveCfg = Release|Any CPU
		{AAAB7904-EEA2-C546-7CD2-785DF61A78F4}.Release|Any CPU.Build.0 = Release|Any CPU
		{D7B36453-0859-9EF9-3C5F-73A63E834578}.Debug|Any CPU.ActiveCfg = Debug|Any CPU
		{D7B36453-0859-9EF9-3C5F-73A63E834578}.Debug|Any CPU.Build.0 = Debug|Any CPU
		{D7B36453-0859-9EF9-3C5F-73A63E834578}.Release|Any CPU.ActiveCfg = Release|Any CPU
		{D7B36453-0859-9EF9-3C5F-73A63E834578}.Release|Any CPU.Build.0 = Release|Any CPU
		{32D20F9E-D731-FFAE-EE05-0CAC3FB60B4E}.Debug|Any CPU.ActiveCfg = Debug|Any CPU
		{32D20F9E-D731-FFAE-EE05-0CAC3FB60B4E}.Debug|Any CPU.Build.0 = Debug|Any CPU
		{32D20F9E-D731-FFAE-EE05-0CAC3FB60B4E}.Release|Any CPU.ActiveCfg = Release|Any CPU
		{32D20F9E-D731-FFAE-EE05-0CAC3FB60B4E}.Release|Any CPU.Build.0 = Release|Any CPU
		{319FB817-F220-DC7E-CB45-088081BBE748}.Debug|Any CPU.ActiveCfg = Debug|Any CPU
		{319FB817-F220-DC7E-CB45-088081BBE748}.Debug|Any CPU.Build.0 = Debug|Any CPU
		{319FB817-F220-DC7E-CB45-088081BBE748}.Release|Any CPU.ActiveCfg = Release|Any CPU
		{319FB817-F220-DC7E-CB45-088081BBE748}.Release|Any CPU.Build.0 = Release|Any CPU
		{2ABAD1FD-E41D-5168-8A20-FFD3A6DCB9A3}.Debug|Any CPU.ActiveCfg = Debug|Any CPU
		{2ABAD1FD-E41D-5168-8A20-FFD3A6DCB9A3}.Debug|Any CPU.Build.0 = Debug|Any CPU
		{2ABAD1FD-E41D-5168-8A20-FFD3A6DCB9A3}.Release|Any CPU.ActiveCfg = Release|Any CPU
		{2ABAD1FD-E41D-5168-8A20-FFD3A6DCB9A3}.Release|Any CPU.Build.0 = Release|Any CPU
		{4D2F9BAF-E60F-F681-DF6A-453058D434DB}.Debug|Any CPU.ActiveCfg = Debug|Any CPU
		{4D2F9BAF-E60F-F681-DF6A-453058D434DB}.Debug|Any CPU.Build.0 = Debug|Any CPU
		{4D2F9BAF-E60F-F681-DF6A-453058D434DB}.Release|Any CPU.ActiveCfg = Release|Any CPU
		{4D2F9BAF-E60F-F681-DF6A-453058D434DB}.Release|Any CPU.Build.0 = Release|Any CPU
		{3AC89EAA-99BC-EE14-34F5-5A8CCFAF2AAA}.Debug|Any CPU.ActiveCfg = Debug|Any CPU
		{3AC89EAA-99BC-EE14-34F5-5A8CCFAF2AAA}.Debug|Any CPU.Build.0 = Debug|Any CPU
		{3AC89EAA-99BC-EE14-34F5-5A8CCFAF2AAA}.Release|Any CPU.ActiveCfg = Release|Any CPU
		{3AC89EAA-99BC-EE14-34F5-5A8CCFAF2AAA}.Release|Any CPU.Build.0 = Release|Any CPU
		{BBC2A2B8-3BF1-32A9-2DE6-18D2302ACBC7}.Debug|Any CPU.ActiveCfg = Debug|Any CPU
		{BBC2A2B8-3BF1-32A9-2DE6-18D2302ACBC7}.Debug|Any CPU.Build.0 = Debug|Any CPU
		{BBC2A2B8-3BF1-32A9-2DE6-18D2302ACBC7}.Release|Any CPU.ActiveCfg = Release|Any CPU
		{BBC2A2B8-3BF1-32A9-2DE6-18D2302ACBC7}.Release|Any CPU.Build.0 = Release|Any CPU
		{B08564A3-3805-196A-C686-0A5D750F9726}.Debug|Any CPU.ActiveCfg = Debug|Any CPU
		{B08564A3-3805-196A-C686-0A5D750F9726}.Debug|Any CPU.Build.0 = Debug|Any CPU
		{B08564A3-3805-196A-C686-0A5D750F9726}.Release|Any CPU.ActiveCfg = Release|Any CPU
		{B08564A3-3805-196A-C686-0A5D750F9726}.Release|Any CPU.Build.0 = Release|Any CPU
		{13CC598A-8662-6650-72E1-FBC1FDCB6405}.Debug|Any CPU.ActiveCfg = Debug|Any CPU
		{13CC598A-8662-6650-72E1-FBC1FDCB6405}.Debug|Any CPU.Build.0 = Debug|Any CPU
		{13CC598A-8662-6650-72E1-FBC1FDCB6405}.Release|Any CPU.ActiveCfg = Release|Any CPU
		{13CC598A-8662-6650-72E1-FBC1FDCB6405}.Release|Any CPU.Build.0 = Release|Any CPU
	EndGlobalSection
	GlobalSection(SolutionProperties) = preSolution
		HideSolutionNode = FALSE
	EndGlobalSection
EndGlobal
