
Microsoft Visual Studio Solution File, Format Version 12.00
# Visual Studio 15
Project("{FAE04EC0-301F-11D3-BF4B-00C04F79EFBC}") = "Assembly-CSharp", "Assembly-CSharp.csproj", "{60024BF0-7B5E-691F-7F3E-31DA91E345D3}"
EndProject
Project("{FAE04EC0-301F-11D3-BF4B-00C04F79EFBC}") = "Assembly-CSharp-firstpass", "Assembly-CSharp-firstpass.csproj", "{C5D11F6F-8CB8-16FB-DD7A-51693B66A7F5}"
EndProject
Global
	GlobalSection(SolutionConfigurationPlatforms) = preSolution
		Debug|Any CPU = Debug|Any CPU
		Release|Any CPU = Release|Any CPU
	EndGlobalSection
	GlobalSection(ProjectConfigurationPlatforms) = postSolution
		{60024BF0-7B5E-691F-7F3E-31DA91E345D3}.Debug|Any CPU.ActiveCfg = Debug|Any CPU
		{60024BF0-7B5E-691F-7F3E-31DA91E345D3}.Debug|Any CPU.Build.0 = Debug|Any CPU
		{60024BF0-7B5E-691F-7F3E-31DA91E345D3}.Release|Any CPU.ActiveCfg = Release|Any CPU
		{60024BF0-7B5E-691F-7F3E-31DA91E345D3}.Release|Any CPU.Build.0 = Release|Any CPU
		{C5D11F6F-8CB8-16FB-DD7A-51693B66A7F5}.Debug|Any CPU.ActiveCfg = Debug|Any CPU
		{C5D11F6F-8CB8-16FB-DD7A-51693B66A7F5}.Debug|Any CPU.Build.0 = Debug|Any CPU
		{C5D11F6F-8CB8-16FB-DD7A-51693B66A7F5}.Release|Any CPU.ActiveCfg = Release|Any CPU
		{C5D11F6F-8CB8-16FB-DD7A-51693B66A7F5}.Release|Any CPU.Build.0 = Release|Any CPU
	EndGlobalSection
	GlobalSection(SolutionProperties) = preSolution
		HideSolutionNode = FALSE
	EndGlobalSection
EndGlobal
