
Microsoft Visual Studio Solution File, Format Version 12.00
# Visual Studio 15
Project("{FAE04EC0-301F-11D3-BF4B-00C04F79EFBC}") = "Assembly-CSharp", "Assembly-CSharp.csproj", "{E4D56670-F82B-47EA-C166-EF09CDCE0BFF}"
EndProject
Project("{FAE04EC0-301F-11D3-BF4B-00C04F79EFBC}") = "SimpleScrollSnap", "SimpleScrollSnap.csproj", "{DAA3B96F-C013-FC82-A229-C7B7AD981D60}"
EndProject
Project("{FAE04EC0-301F-11D3-BF4B-00C04F79EFBC}") = "WxEditor", "WxEditor.csproj", "{57AAA988-F2A4-6F1E-60A5-27199E235078}"
EndProject
Project("{FAE04EC0-301F-11D3-BF4B-00C04F79EFBC}") = "Wx", "Wx.csproj", "{3FE6F6F5-DA38-BCF8-F163-4DD79CB0C219}"
EndProject
Project("{FAE04EC0-301F-11D3-BF4B-00C04F79EFBC}") = "Assembly-CSharp-firstpass", "Assembly-CSharp-firstpass.csproj", "{A6BAF9F6-6933-074A-5D6D-72A3FD56AF02}"
EndProject
Project("{FAE04EC0-301F-11D3-BF4B-00C04F79EFBC}") = "SimpleScrollSnapEditor", "SimpleScrollSnapEditor.csproj", "{6C083A25-A2DD-A3D6-8441-2802606E40EA}"
EndProject
Project("{FAE04EC0-301F-11D3-BF4B-00C04F79EFBC}") = "Assembly-CSharp-Editor", "Assembly-CSharp-Editor.csproj", "{3A4F7860-156F-B023-AEC0-7D7C888F5DC3}"
EndProject
Project("{FAE04EC0-301F-11D3-BF4B-00C04F79EFBC}") = "UtilitiesEditor", "UtilitiesEditor.csproj", "{201232F7-599A-6E32-610D-1334988DAE7F}"
EndProject
Project("{FAE04EC0-301F-11D3-BF4B-00C04F79EFBC}") = "SimpleInspectorAttributesEditor", "SimpleInspectorAttributesEditor.csproj", "{4F3FF129-417B-7D55-ED06-61853EA95B69}"
EndProject
Project("{FAE04EC0-301F-11D3-BF4B-00C04F79EFBC}") = "Utilities", "Utilities.csproj", "{C090A6A5-46B3-A83D-BAD5-51E49A6F3D4A}"
EndProject
Project("{FAE04EC0-301F-11D3-BF4B-00C04F79EFBC}") = "CopyrightNoticeEditor", "CopyrightNoticeEditor.csproj", "{6E9F9B0D-BF5C-989C-9419-1FC9F2DD7822}"
EndProject
Project("{FAE04EC0-301F-11D3-BF4B-00C04F79EFBC}") = "SimpleInspectorAttributes", "SimpleInspectorAttributes.csproj", "{0276AF8D-8C04-8019-4BC0-32CA7522ABE0}"
EndProject
Global
	GlobalSection(SolutionConfigurationPlatforms) = preSolution
		Debug|Any CPU = Debug|Any CPU
		Release|Any CPU = Release|Any CPU
	EndGlobalSection
	GlobalSection(ProjectConfigurationPlatforms) = postSolution
		{E4D56670-F82B-47EA-C166-EF09CDCE0BFF}.Debug|Any CPU.ActiveCfg = Debug|Any CPU
		{E4D56670-F82B-47EA-C166-EF09CDCE0BFF}.Debug|Any CPU.Build.0 = Debug|Any CPU
		{E4D56670-F82B-47EA-C166-EF09CDCE0BFF}.Release|Any CPU.ActiveCfg = Release|Any CPU
		{E4D56670-F82B-47EA-C166-EF09CDCE0BFF}.Release|Any CPU.Build.0 = Release|Any CPU
		{DAA3B96F-C013-FC82-A229-C7B7AD981D60}.Debug|Any CPU.ActiveCfg = Debug|Any CPU
		{DAA3B96F-C013-FC82-A229-C7B7AD981D60}.Debug|Any CPU.Build.0 = Debug|Any CPU
		{DAA3B96F-C013-FC82-A229-C7B7AD981D60}.Release|Any CPU.ActiveCfg = Release|Any CPU
		{DAA3B96F-C013-FC82-A229-C7B7AD981D60}.Release|Any CPU.Build.0 = Release|Any CPU
		{57AAA988-F2A4-6F1E-60A5-27199E235078}.Debug|Any CPU.ActiveCfg = Debug|Any CPU
		{57AAA988-F2A4-6F1E-60A5-27199E235078}.Debug|Any CPU.Build.0 = Debug|Any CPU
		{57AAA988-F2A4-6F1E-60A5-27199E235078}.Release|Any CPU.ActiveCfg = Release|Any CPU
		{57AAA988-F2A4-6F1E-60A5-27199E235078}.Release|Any CPU.Build.0 = Release|Any CPU
		{3FE6F6F5-DA38-BCF8-F163-4DD79CB0C219}.Debug|Any CPU.ActiveCfg = Debug|Any CPU
		{3FE6F6F5-DA38-BCF8-F163-4DD79CB0C219}.Debug|Any CPU.Build.0 = Debug|Any CPU
		{3FE6F6F5-DA38-BCF8-F163-4DD79CB0C219}.Release|Any CPU.ActiveCfg = Release|Any CPU
		{3FE6F6F5-DA38-BCF8-F163-4DD79CB0C219}.Release|Any CPU.Build.0 = Release|Any CPU
		{A6BAF9F6-6933-074A-5D6D-72A3FD56AF02}.Debug|Any CPU.ActiveCfg = Debug|Any CPU
		{A6BAF9F6-6933-074A-5D6D-72A3FD56AF02}.Debug|Any CPU.Build.0 = Debug|Any CPU
		{A6BAF9F6-6933-074A-5D6D-72A3FD56AF02}.Release|Any CPU.ActiveCfg = Release|Any CPU
		{A6BAF9F6-6933-074A-5D6D-72A3FD56AF02}.Release|Any CPU.Build.0 = Release|Any CPU
		{6C083A25-A2DD-A3D6-8441-2802606E40EA}.Debug|Any CPU.ActiveCfg = Debug|Any CPU
		{6C083A25-A2DD-A3D6-8441-2802606E40EA}.Debug|Any CPU.Build.0 = Debug|Any CPU
		{6C083A25-A2DD-A3D6-8441-2802606E40EA}.Release|Any CPU.ActiveCfg = Release|Any CPU
		{6C083A25-A2DD-A3D6-8441-2802606E40EA}.Release|Any CPU.Build.0 = Release|Any CPU
		{3A4F7860-156F-B023-AEC0-7D7C888F5DC3}.Debug|Any CPU.ActiveCfg = Debug|Any CPU
		{3A4F7860-156F-B023-AEC0-7D7C888F5DC3}.Debug|Any CPU.Build.0 = Debug|Any CPU
		{3A4F7860-156F-B023-AEC0-7D7C888F5DC3}.Release|Any CPU.ActiveCfg = Release|Any CPU
		{3A4F7860-156F-B023-AEC0-7D7C888F5DC3}.Release|Any CPU.Build.0 = Release|Any CPU
		{201232F7-599A-6E32-610D-1334988DAE7F}.Debug|Any CPU.ActiveCfg = Debug|Any CPU
		{201232F7-599A-6E32-610D-1334988DAE7F}.Debug|Any CPU.Build.0 = Debug|Any CPU
		{201232F7-599A-6E32-610D-1334988DAE7F}.Release|Any CPU.ActiveCfg = Release|Any CPU
		{201232F7-599A-6E32-610D-1334988DAE7F}.Release|Any CPU.Build.0 = Release|Any CPU
		{4F3FF129-417B-7D55-ED06-61853EA95B69}.Debug|Any CPU.ActiveCfg = Debug|Any CPU
		{4F3FF129-417B-7D55-ED06-61853EA95B69}.Debug|Any CPU.Build.0 = Debug|Any CPU
		{4F3FF129-417B-7D55-ED06-61853EA95B69}.Release|Any CPU.ActiveCfg = Release|Any CPU
		{4F3FF129-417B-7D55-ED06-61853EA95B69}.Release|Any CPU.Build.0 = Release|Any CPU
		{C090A6A5-46B3-A83D-BAD5-51E49A6F3D4A}.Debug|Any CPU.ActiveCfg = Debug|Any CPU
		{C090A6A5-46B3-A83D-BAD5-51E49A6F3D4A}.Debug|Any CPU.Build.0 = Debug|Any CPU
		{C090A6A5-46B3-A83D-BAD5-51E49A6F3D4A}.Release|Any CPU.ActiveCfg = Release|Any CPU
		{C090A6A5-46B3-A83D-BAD5-51E49A6F3D4A}.Release|Any CPU.Build.0 = Release|Any CPU
		{6E9F9B0D-BF5C-989C-9419-1FC9F2DD7822}.Debug|Any CPU.ActiveCfg = Debug|Any CPU
		{6E9F9B0D-BF5C-989C-9419-1FC9F2DD7822}.Debug|Any CPU.Build.0 = Debug|Any CPU
		{6E9F9B0D-BF5C-989C-9419-1FC9F2DD7822}.Release|Any CPU.ActiveCfg = Release|Any CPU
		{6E9F9B0D-BF5C-989C-9419-1FC9F2DD7822}.Release|Any CPU.Build.0 = Release|Any CPU
		{0276AF8D-8C04-8019-4BC0-32CA7522ABE0}.Debug|Any CPU.ActiveCfg = Debug|Any CPU
		{0276AF8D-8C04-8019-4BC0-32CA7522ABE0}.Debug|Any CPU.Build.0 = Debug|Any CPU
		{0276AF8D-8C04-8019-4BC0-32CA7522ABE0}.Release|Any CPU.ActiveCfg = Release|Any CPU
		{0276AF8D-8C04-8019-4BC0-32CA7522ABE0}.Release|Any CPU.Build.0 = Release|Any CPU
	EndGlobalSection
	GlobalSection(SolutionProperties) = preSolution
		HideSolutionNode = FALSE
	EndGlobalSection
EndGlobal
