
Microsoft Visual Studio Solution File, Format Version 12.00
# Visual Studio 15
Project("{FAE04EC0-301F-11D3-BF4B-00C04F79EFBC}") = "Assembly-CSharp", "Assembly-CSharp.csproj", "{A653A814-B503-02F0-0A15-7FB61CC02D86}"
EndProject
Project("{FAE04EC0-301F-11D3-BF4B-00C04F79EFBC}") = "Assembly-CSharp-Editor-firstpass", "Assembly-CSharp-Editor-firstpass.csproj", "{50401542-5541-A8F1-B787-0D2DC207855E}"
EndProject
Project("{FAE04EC0-301F-11D3-BF4B-00C04F79EFBC}") = "WxEditor", "WxEditor.csproj", "{DA942E4F-14B5-9478-C649-DB44AEFF784C}"
EndProject
Project("{FAE04EC0-301F-11D3-BF4B-00C04F79EFBC}") = "Assembly-CSharp-firstpass", "Assembly-CSharp-firstpass.csproj", "{069805AB-073A-0965-FD71-11F11C5D0359}"
EndProject
Project("{FAE04EC0-301F-11D3-BF4B-00C04F79EFBC}") = "Wx", "Wx.csproj", "{DDCAD208-A3D9-54CB-15A4-7B7724BE1C87}"
EndProject
Project("{FAE04EC0-301F-11D3-BF4B-00C04F79EFBC}") = "Assembly-CSharp-Editor", "Assembly-CSharp-Editor.csproj", "{30F09601-55DF-D737-2B49-A2D7B625EF52}"
EndProject
Global
	GlobalSection(SolutionConfigurationPlatforms) = preSolution
		Debug|Any CPU = Debug|Any CPU
		Release|Any CPU = Release|Any CPU
	EndGlobalSection
	GlobalSection(ProjectConfigurationPlatforms) = postSolution
		{A653A814-B503-02F0-0A15-7FB61CC02D86}.Debug|Any CPU.ActiveCfg = Debug|Any CPU
		{A653A814-B503-02F0-0A15-7FB61CC02D86}.Debug|Any CPU.Build.0 = Debug|Any CPU
		{A653A814-B503-02F0-0A15-7FB61CC02D86}.Release|Any CPU.ActiveCfg = Release|Any CPU
		{A653A814-B503-02F0-0A15-7FB61CC02D86}.Release|Any CPU.Build.0 = Release|Any CPU
		{50401542-5541-A8F1-B787-0D2DC207855E}.Debug|Any CPU.ActiveCfg = Debug|Any CPU
		{50401542-5541-A8F1-B787-0D2DC207855E}.Debug|Any CPU.Build.0 = Debug|Any CPU
		{50401542-5541-A8F1-B787-0D2DC207855E}.Release|Any CPU.ActiveCfg = Release|Any CPU
		{50401542-5541-A8F1-B787-0D2DC207855E}.Release|Any CPU.Build.0 = Release|Any CPU
		{DA942E4F-14B5-9478-C649-DB44AEFF784C}.Debug|Any CPU.ActiveCfg = Debug|Any CPU
		{DA942E4F-14B5-9478-C649-DB44AEFF784C}.Debug|Any CPU.Build.0 = Debug|Any CPU
		{DA942E4F-14B5-9478-C649-DB44AEFF784C}.Release|Any CPU.ActiveCfg = Release|Any CPU
		{DA942E4F-14B5-9478-C649-DB44AEFF784C}.Release|Any CPU.Build.0 = Release|Any CPU
		{069805AB-073A-0965-FD71-11F11C5D0359}.Debug|Any CPU.ActiveCfg = Debug|Any CPU
		{069805AB-073A-0965-FD71-11F11C5D0359}.Debug|Any CPU.Build.0 = Debug|Any CPU
		{069805AB-073A-0965-FD71-11F11C5D0359}.Release|Any CPU.ActiveCfg = Release|Any CPU
		{069805AB-073A-0965-FD71-11F11C5D0359}.Release|Any CPU.Build.0 = Release|Any CPU
		{DDCAD208-A3D9-54CB-15A4-7B7724BE1C87}.Debug|Any CPU.ActiveCfg = Debug|Any CPU
		{DDCAD208-A3D9-54CB-15A4-7B7724BE1C87}.Debug|Any CPU.Build.0 = Debug|Any CPU
		{DDCAD208-A3D9-54CB-15A4-7B7724BE1C87}.Release|Any CPU.ActiveCfg = Release|Any CPU
		{DDCAD208-A3D9-54CB-15A4-7B7724BE1C87}.Release|Any CPU.Build.0 = Release|Any CPU
		{30F09601-55DF-D737-2B49-A2D7B625EF52}.Debug|Any CPU.ActiveCfg = Debug|Any CPU
		{30F09601-55DF-D737-2B49-A2D7B625EF52}.Debug|Any CPU.Build.0 = Debug|Any CPU
		{30F09601-55DF-D737-2B49-A2D7B625EF52}.Release|Any CPU.ActiveCfg = Release|Any CPU
		{30F09601-55DF-D737-2B49-A2D7B625EF52}.Release|Any CPU.Build.0 = Release|Any CPU
	EndGlobalSection
	GlobalSection(SolutionProperties) = preSolution
		HideSolutionNode = FALSE
	EndGlobalSection
EndGlobal
