
Microsoft Visual Studio Solution File, Format Version 12.00
# Visual Studio 15
Project("{FAE04EC0-301F-11D3-BF4B-00C04F79EFBC}") = "Assembly-CSharp", "Assembly-CSharp.csproj", "{4FC2F164-A6F0-3632-E745-EB78CDD07959}"
EndProject
Project("{FAE04EC0-301F-11D3-BF4B-00C04F79EFBC}") = "spine-unity-examples", "spine-unity-examples.csproj", "{30007F40-C4A7-7A9A-17A1-F27B75F686CC}"
EndProject
Project("{FAE04EC0-301F-11D3-BF4B-00C04F79EFBC}") = "spine-unity", "spine-unity.csproj", "{E2AB08EE-742F-6A34-1535-190DE631B652}"
EndProject
Project("{FAE04EC0-301F-11D3-BF4B-00C04F79EFBC}") = "spine-unity-editor", "spine-unity-editor.csproj", "{F8BCC7DB-98EF-C892-47F8-C2E31FA91B9C}"
EndProject
Project("{FAE04EC0-301F-11D3-BF4B-00C04F79EFBC}") = "Assembly-CSharp-Editor-firstpass", "Assembly-CSharp-Editor-firstpass.csproj", "{3B10CA58-30C6-D533-1E83-3C3FB110735B}"
EndProject
Project("{FAE04EC0-301F-11D3-BF4B-00C04F79EFBC}") = "spine-csharp", "spine-csharp.csproj", "{09D92C31-9C15-28DD-0D0E-C63DCC2E47E6}"
EndProject
Project("{FAE04EC0-301F-11D3-BF4B-00C04F79EFBC}") = "Assembly-CSharp-firstpass", "Assembly-CSharp-firstpass.csproj", "{E35780FB-71FC-E694-F31B-A552571037C3}"
EndProject
Project("{FAE04EC0-301F-11D3-BF4B-00C04F79EFBC}") = "Assembly-CSharp-Editor", "Assembly-CSharp-Editor.csproj", "{44DD2C86-0B73-86F8-E594-93901965C96E}"
EndProject
Project("{FAE04EC0-301F-11D3-BF4B-00C04F79EFBC}") = "spine-unity-examples-editor", "spine-unity-examples-editor.csproj", "{83737B93-D4FA-F867-9759-7D1202684941}"
EndProject
Project("{FAE04EC0-301F-11D3-BF4B-00C04F79EFBC}") = "Sirenix.OdinInspector.Modules.UnityMathematics", "Sirenix.OdinInspector.Modules.UnityMathematics.csproj", "{B5D5437B-1277-26C2-6B11-7E31A2DD208C}"
EndProject
Global
	GlobalSection(SolutionConfigurationPlatforms) = preSolution
		Debug|Any CPU = Debug|Any CPU
		Release|Any CPU = Release|Any CPU
	EndGlobalSection
	GlobalSection(ProjectConfigurationPlatforms) = postSolution
		{4FC2F164-A6F0-3632-E745-EB78CDD07959}.Debug|Any CPU.ActiveCfg = Debug|Any CPU
		{4FC2F164-A6F0-3632-E745-EB78CDD07959}.Debug|Any CPU.Build.0 = Debug|Any CPU
		{4FC2F164-A6F0-3632-E745-EB78CDD07959}.Release|Any CPU.ActiveCfg = Release|Any CPU
		{4FC2F164-A6F0-3632-E745-EB78CDD07959}.Release|Any CPU.Build.0 = Release|Any CPU
		{30007F40-C4A7-7A9A-17A1-F27B75F686CC}.Debug|Any CPU.ActiveCfg = Debug|Any CPU
		{30007F40-C4A7-7A9A-17A1-F27B75F686CC}.Debug|Any CPU.Build.0 = Debug|Any CPU
		{30007F40-C4A7-7A9A-17A1-F27B75F686CC}.Release|Any CPU.ActiveCfg = Release|Any CPU
		{30007F40-C4A7-7A9A-17A1-F27B75F686CC}.Release|Any CPU.Build.0 = Release|Any CPU
		{E2AB08EE-742F-6A34-1535-190DE631B652}.Debug|Any CPU.ActiveCfg = Debug|Any CPU
		{E2AB08EE-742F-6A34-1535-190DE631B652}.Debug|Any CPU.Build.0 = Debug|Any CPU
		{E2AB08EE-742F-6A34-1535-190DE631B652}.Release|Any CPU.ActiveCfg = Release|Any CPU
		{E2AB08EE-742F-6A34-1535-190DE631B652}.Release|Any CPU.Build.0 = Release|Any CPU
		{F8BCC7DB-98EF-C892-47F8-C2E31FA91B9C}.Debug|Any CPU.ActiveCfg = Debug|Any CPU
		{F8BCC7DB-98EF-C892-47F8-C2E31FA91B9C}.Debug|Any CPU.Build.0 = Debug|Any CPU
		{F8BCC7DB-98EF-C892-47F8-C2E31FA91B9C}.Release|Any CPU.ActiveCfg = Release|Any CPU
		{F8BCC7DB-98EF-C892-47F8-C2E31FA91B9C}.Release|Any CPU.Build.0 = Release|Any CPU
		{3B10CA58-30C6-D533-1E83-3C3FB110735B}.Debug|Any CPU.ActiveCfg = Debug|Any CPU
		{3B10CA58-30C6-D533-1E83-3C3FB110735B}.Debug|Any CPU.Build.0 = Debug|Any CPU
		{3B10CA58-30C6-D533-1E83-3C3FB110735B}.Release|Any CPU.ActiveCfg = Release|Any CPU
		{3B10CA58-30C6-D533-1E83-3C3FB110735B}.Release|Any CPU.Build.0 = Release|Any CPU
		{09D92C31-9C15-28DD-0D0E-C63DCC2E47E6}.Debug|Any CPU.ActiveCfg = Debug|Any CPU
		{09D92C31-9C15-28DD-0D0E-C63DCC2E47E6}.Debug|Any CPU.Build.0 = Debug|Any CPU
		{09D92C31-9C15-28DD-0D0E-C63DCC2E47E6}.Release|Any CPU.ActiveCfg = Release|Any CPU
		{09D92C31-9C15-28DD-0D0E-C63DCC2E47E6}.Release|Any CPU.Build.0 = Release|Any CPU
		{E35780FB-71FC-E694-F31B-A552571037C3}.Debug|Any CPU.ActiveCfg = Debug|Any CPU
		{E35780FB-71FC-E694-F31B-A552571037C3}.Debug|Any CPU.Build.0 = Debug|Any CPU
		{E35780FB-71FC-E694-F31B-A552571037C3}.Release|Any CPU.ActiveCfg = Release|Any CPU
		{E35780FB-71FC-E694-F31B-A552571037C3}.Release|Any CPU.Build.0 = Release|Any CPU
		{44DD2C86-0B73-86F8-E594-93901965C96E}.Debug|Any CPU.ActiveCfg = Debug|Any CPU
		{44DD2C86-0B73-86F8-E594-93901965C96E}.Debug|Any CPU.Build.0 = Debug|Any CPU
		{44DD2C86-0B73-86F8-E594-93901965C96E}.Release|Any CPU.ActiveCfg = Release|Any CPU
		{44DD2C86-0B73-86F8-E594-93901965C96E}.Release|Any CPU.Build.0 = Release|Any CPU
		{83737B93-D4FA-F867-9759-7D1202684941}.Debug|Any CPU.ActiveCfg = Debug|Any CPU
		{83737B93-D4FA-F867-9759-7D1202684941}.Debug|Any CPU.Build.0 = Debug|Any CPU
		{83737B93-D4FA-F867-9759-7D1202684941}.Release|Any CPU.ActiveCfg = Release|Any CPU
		{83737B93-D4FA-F867-9759-7D1202684941}.Release|Any CPU.Build.0 = Release|Any CPU
		{B5D5437B-1277-26C2-6B11-7E31A2DD208C}.Debug|Any CPU.ActiveCfg = Debug|Any CPU
		{B5D5437B-1277-26C2-6B11-7E31A2DD208C}.Debug|Any CPU.Build.0 = Debug|Any CPU
		{B5D5437B-1277-26C2-6B11-7E31A2DD208C}.Release|Any CPU.ActiveCfg = Release|Any CPU
		{B5D5437B-1277-26C2-6B11-7E31A2DD208C}.Release|Any CPU.Build.0 = Release|Any CPU
	EndGlobalSection
	GlobalSection(SolutionProperties) = preSolution
		HideSolutionNode = FALSE
	EndGlobalSection
EndGlobal
