
Microsoft Visual Studio Solution File, Format Version 12.00
# Visual Studio 15
Project("{FAE04EC0-301F-11D3-BF4B-00C04F79EFBC}") = "Assembly-CSharp-Editor-firstpass", "Assembly-CSharp-Editor-firstpass.csproj", "{50401542-5541-A8F1-B787-0D2DC207855E}"
EndProject
Project("{FAE04EC0-301F-11D3-BF4B-00C04F79EFBC}") = "Assembly-CSharp-firstpass", "Assembly-CSharp-firstpass.csproj", "{069805AB-073A-0965-FD71-11F11C5D0359}"
EndProject
Project("{FAE04EC0-301F-11D3-BF4B-00C04F79EFBC}") = "Assembly-CSharp", "Assembly-CSharp.csproj", "{A653A814-B503-02F0-0A15-7FB61CC02D86}"
EndProject
Global
	GlobalSection(SolutionConfigurationPlatforms) = preSolution
		Debug|Any CPU = Debug|Any CPU
		Release|Any CPU = Release|Any CPU
	EndGlobalSection
	GlobalSection(ProjectConfigurationPlatforms) = postSolution
		{50401542-5541-A8F1-B787-0D2DC207855E}.Debug|Any CPU.ActiveCfg = Debug|Any CPU
		{50401542-5541-A8F1-B787-0D2DC207855E}.Debug|Any CPU.Build.0 = Debug|Any CPU
		{50401542-5541-A8F1-B787-0D2DC207855E}.Release|Any CPU.ActiveCfg = Release|Any CPU
		{50401542-5541-A8F1-B787-0D2DC207855E}.Release|Any CPU.Build.0 = Release|Any CPU
		{069805AB-073A-0965-FD71-11F11C5D0359}.Debug|Any CPU.ActiveCfg = Debug|Any CPU
		{069805AB-073A-0965-FD71-11F11C5D0359}.Debug|Any CPU.Build.0 = Debug|Any CPU
		{069805AB-073A-0965-FD71-11F11C5D0359}.Release|Any CPU.ActiveCfg = Release|Any CPU
		{069805AB-073A-0965-FD71-11F11C5D0359}.Release|Any CPU.Build.0 = Release|Any CPU
		{A653A814-B503-02F0-0A15-7FB61CC02D86}.Debug|Any CPU.ActiveCfg = Debug|Any CPU
		{A653A814-B503-02F0-0A15-7FB61CC02D86}.Debug|Any CPU.Build.0 = Debug|Any CPU
		{A653A814-B503-02F0-0A15-7FB61CC02D86}.Release|Any CPU.ActiveCfg = Release|Any CPU
		{A653A814-B503-02F0-0A15-7FB61CC02D86}.Release|Any CPU.Build.0 = Release|Any CPU
	EndGlobalSection
	GlobalSection(SolutionProperties) = preSolution
		HideSolutionNode = FALSE
	EndGlobalSection
EndGlobal
