
Microsoft Visual Studio Solution File, Format Version 12.00
# Visual Studio 15
Project("{FAE04EC0-301F-11D3-BF4B-00C04F79EFBC}") = "Assembly-CSharp", "Assembly-CSharp.csproj", "{80374229-EFCC-82FE-1BC4-A9B1A42E387B}"
EndProject
Project("{FAE04EC0-301F-11D3-BF4B-00C04F79EFBC}") = "Assembly-CSharp-Editor-firstpass", "Assembly-CSharp-Editor-firstpass.csproj", "{F1A12150-484B-EF26-759C-A77D794D53A0}"
EndProject
Project("{FAE04EC0-301F-11D3-BF4B-00C04F79EFBC}") = "WxEditor", "WxEditor.csproj", "{E2D099B3-2A0C-A4C5-943E-32141AB98537}"
EndProject
Project("{FAE04EC0-301F-11D3-BF4B-00C04F79EFBC}") = "Assembly-CSharp-firstpass", "Assembly-CSharp-firstpass.csproj", "{C0B973ED-F964-2077-3DBA-10E504CFB604}"
EndProject
Project("{FAE04EC0-301F-11D3-BF4B-00C04F79EFBC}") = "Wx", "Wx.csproj", "{E3C71257-DD4B-0287-6098-0603EA6E98CD}"
EndProject
Project("{FAE04EC0-301F-11D3-BF4B-00C04F79EFBC}") = "Assembly-CSharp-Editor", "Assembly-CSharp-Editor.csproj", "{1C39AD94-1A4D-3D0B-BBA3-DCE950E6CC16}"
EndProject
Global
	GlobalSection(SolutionConfigurationPlatforms) = preSolution
		Debug|Any CPU = Debug|Any CPU
		Release|Any CPU = Release|Any CPU
	EndGlobalSection
	GlobalSection(ProjectConfigurationPlatforms) = postSolution
		{80374229-EFCC-82FE-1BC4-A9B1A42E387B}.Debug|Any CPU.ActiveCfg = Debug|Any CPU
		{80374229-EFCC-82FE-1BC4-A9B1A42E387B}.Debug|Any CPU.Build.0 = Debug|Any CPU
		{80374229-EFCC-82FE-1BC4-A9B1A42E387B}.Release|Any CPU.ActiveCfg = Release|Any CPU
		{80374229-EFCC-82FE-1BC4-A9B1A42E387B}.Release|Any CPU.Build.0 = Release|Any CPU
		{F1A12150-484B-EF26-759C-A77D794D53A0}.Debug|Any CPU.ActiveCfg = Debug|Any CPU
		{F1A12150-484B-EF26-759C-A77D794D53A0}.Debug|Any CPU.Build.0 = Debug|Any CPU
		{F1A12150-484B-EF26-759C-A77D794D53A0}.Release|Any CPU.ActiveCfg = Release|Any CPU
		{F1A12150-484B-EF26-759C-A77D794D53A0}.Release|Any CPU.Build.0 = Release|Any CPU
		{E2D099B3-2A0C-A4C5-943E-32141AB98537}.Debug|Any CPU.ActiveCfg = Debug|Any CPU
		{E2D099B3-2A0C-A4C5-943E-32141AB98537}.Debug|Any CPU.Build.0 = Debug|Any CPU
		{E2D099B3-2A0C-A4C5-943E-32141AB98537}.Release|Any CPU.ActiveCfg = Release|Any CPU
		{E2D099B3-2A0C-A4C5-943E-32141AB98537}.Release|Any CPU.Build.0 = Release|Any CPU
		{C0B973ED-F964-2077-3DBA-10E504CFB604}.Debug|Any CPU.ActiveCfg = Debug|Any CPU
		{C0B973ED-F964-2077-3DBA-10E504CFB604}.Debug|Any CPU.Build.0 = Debug|Any CPU
		{C0B973ED-F964-2077-3DBA-10E504CFB604}.Release|Any CPU.ActiveCfg = Release|Any CPU
		{C0B973ED-F964-2077-3DBA-10E504CFB604}.Release|Any CPU.Build.0 = Release|Any CPU
		{E3C71257-DD4B-0287-6098-0603EA6E98CD}.Debug|Any CPU.ActiveCfg = Debug|Any CPU
		{E3C71257-DD4B-0287-6098-0603EA6E98CD}.Debug|Any CPU.Build.0 = Debug|Any CPU
		{E3C71257-DD4B-0287-6098-0603EA6E98CD}.Release|Any CPU.ActiveCfg = Release|Any CPU
		{E3C71257-DD4B-0287-6098-0603EA6E98CD}.Release|Any CPU.Build.0 = Release|Any CPU
		{1C39AD94-1A4D-3D0B-BBA3-DCE950E6CC16}.Debug|Any CPU.ActiveCfg = Debug|Any CPU
		{1C39AD94-1A4D-3D0B-BBA3-DCE950E6CC16}.Debug|Any CPU.Build.0 = Debug|Any CPU
		{1C39AD94-1A4D-3D0B-BBA3-DCE950E6CC16}.Release|Any CPU.ActiveCfg = Release|Any CPU
		{1C39AD94-1A4D-3D0B-BBA3-DCE950E6CC16}.Release|Any CPU.Build.0 = Release|Any CPU
	EndGlobalSection
	GlobalSection(SolutionProperties) = preSolution
		HideSolutionNode = FALSE
	EndGlobalSection
EndGlobal
