
Microsoft Visual Studio Solution File, Format Version 12.00
# Visual Studio 15
Project("{FAE04EC0-301F-11D3-BF4B-00C04F79EFBC}") = "Assembly-CSharp", "Assembly-CSharp.csproj", "{1804899D-B256-2F52-36CF-C9815F7EBF45}"
EndProject
Project("{FAE04EC0-301F-11D3-BF4B-00C04F79EFBC}") = "jianglong.library.gif-player", "jianglong.library.gif-player.csproj", "{211F1185-16A5-DF41-2C3F-5ECA6D0BB2E5}"
EndProject
Project("{FAE04EC0-301F-11D3-BF4B-00C04F79EFBC}") = "Assembly-CSharp-firstpass", "Assembly-CSharp-firstpass.csproj", "{98C99087-DA2C-A3D3-573C-087D23FCB697}"
EndProject
Project("{FAE04EC0-301F-11D3-BF4B-00C04F79EFBC}") = "Assembly-CSharp-Editor", "Assembly-CSharp-Editor.csproj", "{56EFDF37-C6FD-9694-8A4F-87E42AEC50FA}"
EndProject
Global
	GlobalSection(SolutionConfigurationPlatforms) = preSolution
		Debug|Any CPU = Debug|Any CPU
		Release|Any CPU = Release|Any CPU
	EndGlobalSection
	GlobalSection(ProjectConfigurationPlatforms) = postSolution
		{1804899D-B256-2F52-36CF-C9815F7EBF45}.Debug|Any CPU.ActiveCfg = Debug|Any CPU
		{1804899D-B256-2F52-36CF-C9815F7EBF45}.Debug|Any CPU.Build.0 = Debug|Any CPU
		{1804899D-B256-2F52-36CF-C9815F7EBF45}.Release|Any CPU.ActiveCfg = Release|Any CPU
		{1804899D-B256-2F52-36CF-C9815F7EBF45}.Release|Any CPU.Build.0 = Release|Any CPU
		{211F1185-16A5-DF41-2C3F-5ECA6D0BB2E5}.Debug|Any CPU.ActiveCfg = Debug|Any CPU
		{211F1185-16A5-DF41-2C3F-5ECA6D0BB2E5}.Debug|Any CPU.Build.0 = Debug|Any CPU
		{211F1185-16A5-DF41-2C3F-5ECA6D0BB2E5}.Release|Any CPU.ActiveCfg = Release|Any CPU
		{211F1185-16A5-DF41-2C3F-5ECA6D0BB2E5}.Release|Any CPU.Build.0 = Release|Any CPU
		{98C99087-DA2C-A3D3-573C-087D23FCB697}.Debug|Any CPU.ActiveCfg = Debug|Any CPU
		{98C99087-DA2C-A3D3-573C-087D23FCB697}.Debug|Any CPU.Build.0 = Debug|Any CPU
		{98C99087-DA2C-A3D3-573C-087D23FCB697}.Release|Any CPU.ActiveCfg = Release|Any CPU
		{98C99087-DA2C-A3D3-573C-087D23FCB697}.Release|Any CPU.Build.0 = Release|Any CPU
		{56EFDF37-C6FD-9694-8A4F-87E42AEC50FA}.Debug|Any CPU.ActiveCfg = Debug|Any CPU
		{56EFDF37-C6FD-9694-8A4F-87E42AEC50FA}.Debug|Any CPU.Build.0 = Debug|Any CPU
		{56EFDF37-C6FD-9694-8A4F-87E42AEC50FA}.Release|Any CPU.ActiveCfg = Release|Any CPU
		{56EFDF37-C6FD-9694-8A4F-87E42AEC50FA}.Release|Any CPU.Build.0 = Release|Any CPU
	EndGlobalSection
	GlobalSection(SolutionProperties) = preSolution
		HideSolutionNode = FALSE
	EndGlobalSection
EndGlobal
