
Microsoft Visual Studio Solution File, Format Version 12.00
# Visual Studio 15
Project("{FAE04EC0-301F-11D3-BF4B-00C04F79EFBC}") = "Assembly-CSharp", "Assembly-CSharp.csproj", "{77F9FADB-7EF1-AA9D-61A4-FF0EB2DC66D5}"
EndProject
Project("{FAE04EC0-301F-11D3-BF4B-00C04F79EFBC}") = "WxEditor", "WxEditor.csproj", "{525FF795-575D-D47F-44B5-F57BB69E8434}"
EndProject
Project("{FAE04EC0-301F-11D3-BF4B-00C04F79EFBC}") = "Wx", "Wx.csproj", "{A26FAB30-F5FC-BEEE-0BCC-902E6184FA56}"
EndProject
Project("{FAE04EC0-301F-11D3-BF4B-00C04F79EFBC}") = "Assembly-CSharp-Editor", "Assembly-CSharp-Editor.csproj", "{DA58E9F0-46C7-5782-8AE3-CDA8C22AD726}"
EndProject
Global
	GlobalSection(SolutionConfigurationPlatforms) = preSolution
		Debug|Any CPU = Debug|Any CPU
		Release|Any CPU = Release|Any CPU
	EndGlobalSection
	GlobalSection(ProjectConfigurationPlatforms) = postSolution
		{77F9FADB-7EF1-AA9D-61A4-FF0EB2DC66D5}.Debug|Any CPU.ActiveCfg = Debug|Any CPU
		{77F9FADB-7EF1-AA9D-61A4-FF0EB2DC66D5}.Debug|Any CPU.Build.0 = Debug|Any CPU
		{77F9FADB-7EF1-AA9D-61A4-FF0EB2DC66D5}.Release|Any CPU.ActiveCfg = Release|Any CPU
		{77F9FADB-7EF1-AA9D-61A4-FF0EB2DC66D5}.Release|Any CPU.Build.0 = Release|Any CPU
		{525FF795-575D-D47F-44B5-F57BB69E8434}.Debug|Any CPU.ActiveCfg = Debug|Any CPU
		{525FF795-575D-D47F-44B5-F57BB69E8434}.Debug|Any CPU.Build.0 = Debug|Any CPU
		{525FF795-575D-D47F-44B5-F57BB69E8434}.Release|Any CPU.ActiveCfg = Release|Any CPU
		{525FF795-575D-D47F-44B5-F57BB69E8434}.Release|Any CPU.Build.0 = Release|Any CPU
		{A26FAB30-F5FC-BEEE-0BCC-902E6184FA56}.Debug|Any CPU.ActiveCfg = Debug|Any CPU
		{A26FAB30-F5FC-BEEE-0BCC-902E6184FA56}.Debug|Any CPU.Build.0 = Debug|Any CPU
		{A26FAB30-F5FC-BEEE-0BCC-902E6184FA56}.Release|Any CPU.ActiveCfg = Release|Any CPU
		{A26FAB30-F5FC-BEEE-0BCC-902E6184FA56}.Release|Any CPU.Build.0 = Release|Any CPU
		{DA58E9F0-46C7-5782-8AE3-CDA8C22AD726}.Debug|Any CPU.ActiveCfg = Debug|Any CPU
		{DA58E9F0-46C7-5782-8AE3-CDA8C22AD726}.Debug|Any CPU.Build.0 = Debug|Any CPU
		{DA58E9F0-46C7-5782-8AE3-CDA8C22AD726}.Release|Any CPU.ActiveCfg = Release|Any CPU
		{DA58E9F0-46C7-5782-8AE3-CDA8C22AD726}.Release|Any CPU.Build.0 = Release|Any CPU
	EndGlobalSection
	GlobalSection(SolutionProperties) = preSolution
		HideSolutionNode = FALSE
	EndGlobalSection
EndGlobal
