
Microsoft Visual Studio Solution File, Format Version 12.00
# Visual Studio 15
Project("{FAE04EC0-301F-11D3-BF4B-00C04F79EFBC}") = "Assembly-CSharp", "Assembly-CSharp.csproj", "{8DF98E5C-ED6E-D046-45B1-B0C0BA669F8B}"
EndProject
Project("{FAE04EC0-301F-11D3-BF4B-00C04F79EFBC}") = "WxEditor", "WxEditor.csproj", "{3BAE08D2-E135-CFF3-B386-0581735C7FB6}"
EndProject
Project("{FAE04EC0-301F-11D3-BF4B-00C04F79EFBC}") = "Wx", "Wx.csproj", "{C84CD265-D3DC-C91B-F9B4-5CB73B7E9579}"
EndProject
Project("{FAE04EC0-301F-11D3-BF4B-00C04F79EFBC}") = "Assembly-CSharp-firstpass", "Assembly-CSharp-firstpass.csproj", "{E8B2CCCA-F3C2-7F5F-EC25-9EA6C4DF4F80}"
EndProject
Project("{FAE04EC0-301F-11D3-BF4B-00C04F79EFBC}") = "Assembly-CSharp-Editor", "Assembly-CSharp-Editor.csproj", "{42714FDD-0268-2368-BE86-F344F7C07BBA}"
EndProject
Global
	GlobalSection(SolutionConfigurationPlatforms) = preSolution
		Debug|Any CPU = Debug|Any CPU
		Release|Any CPU = Release|Any CPU
	EndGlobalSection
	GlobalSection(ProjectConfigurationPlatforms) = postSolution
		{8DF98E5C-ED6E-D046-45B1-B0C0BA669F8B}.Debug|Any CPU.ActiveCfg = Debug|Any CPU
		{8DF98E5C-ED6E-D046-45B1-B0C0BA669F8B}.Debug|Any CPU.Build.0 = Debug|Any CPU
		{8DF98E5C-ED6E-D046-45B1-B0C0BA669F8B}.Release|Any CPU.ActiveCfg = Release|Any CPU
		{8DF98E5C-ED6E-D046-45B1-B0C0BA669F8B}.Release|Any CPU.Build.0 = Release|Any CPU
		{3BAE08D2-E135-CFF3-B386-0581735C7FB6}.Debug|Any CPU.ActiveCfg = Debug|Any CPU
		{3BAE08D2-E135-CFF3-B386-0581735C7FB6}.Debug|Any CPU.Build.0 = Debug|Any CPU
		{3BAE08D2-E135-CFF3-B386-0581735C7FB6}.Release|Any CPU.ActiveCfg = Release|Any CPU
		{3BAE08D2-E135-CFF3-B386-0581735C7FB6}.Release|Any CPU.Build.0 = Release|Any CPU
		{C84CD265-D3DC-C91B-F9B4-5CB73B7E9579}.Debug|Any CPU.ActiveCfg = Debug|Any CPU
		{C84CD265-D3DC-C91B-F9B4-5CB73B7E9579}.Debug|Any CPU.Build.0 = Debug|Any CPU
		{C84CD265-D3DC-C91B-F9B4-5CB73B7E9579}.Release|Any CPU.ActiveCfg = Release|Any CPU
		{C84CD265-D3DC-C91B-F9B4-5CB73B7E9579}.Release|Any CPU.Build.0 = Release|Any CPU
		{E8B2CCCA-F3C2-7F5F-EC25-9EA6C4DF4F80}.Debug|Any CPU.ActiveCfg = Debug|Any CPU
		{E8B2CCCA-F3C2-7F5F-EC25-9EA6C4DF4F80}.Debug|Any CPU.Build.0 = Debug|Any CPU
		{E8B2CCCA-F3C2-7F5F-EC25-9EA6C4DF4F80}.Release|Any CPU.ActiveCfg = Release|Any CPU
		{E8B2CCCA-F3C2-7F5F-EC25-9EA6C4DF4F80}.Release|Any CPU.Build.0 = Release|Any CPU
		{42714FDD-0268-2368-BE86-F344F7C07BBA}.Debug|Any CPU.ActiveCfg = Debug|Any CPU
		{42714FDD-0268-2368-BE86-F344F7C07BBA}.Debug|Any CPU.Build.0 = Debug|Any CPU
		{42714FDD-0268-2368-BE86-F344F7C07BBA}.Release|Any CPU.ActiveCfg = Release|Any CPU
		{42714FDD-0268-2368-BE86-F344F7C07BBA}.Release|Any CPU.Build.0 = Release|Any CPU
	EndGlobalSection
	GlobalSection(SolutionProperties) = preSolution
		HideSolutionNode = FALSE
	EndGlobalSection
EndGlobal
