
Microsoft Visual Studio Solution File, Format Version 12.00
# Visual Studio 15
Project("{FAE04EC0-301F-11D3-BF4B-00C04F79EFBC}") = "Assembly-CSharp", "Assembly-CSharp.csproj", "{8831CF32-E826-8E34-514D-BACB3D2A3742}"
EndProject
Project("{FAE04EC0-301F-11D3-BF4B-00C04F79EFBC}") = "Assembly-CSharp-firstpass", "Assembly-CSharp-firstpass.csproj", "{B6E73293-CD1C-0A1E-93A0-73A1DB4284A6}"
EndProject
Project("{FAE04EC0-301F-11D3-BF4B-00C04F79EFBC}") = "Assembly-CSharp-Editor", "Assembly-CSharp-Editor.csproj", "{FBD5B9C3-B410-A380-2A08-53CD0145ADEF}"
EndProject
Global
	GlobalSection(SolutionConfigurationPlatforms) = preSolution
		Debug|Any CPU = Debug|Any CPU
		Release|Any CPU = Release|Any CPU
	EndGlobalSection
	GlobalSection(ProjectConfigurationPlatforms) = postSolution
		{8831CF32-E826-8E34-514D-BACB3D2A3742}.Debug|Any CPU.ActiveCfg = Debug|Any CPU
		{8831CF32-E826-8E34-514D-BACB3D2A3742}.Debug|Any CPU.Build.0 = Debug|Any CPU
		{8831CF32-E826-8E34-514D-BACB3D2A3742}.Release|Any CPU.ActiveCfg = Release|Any CPU
		{8831CF32-E826-8E34-514D-BACB3D2A3742}.Release|Any CPU.Build.0 = Release|Any CPU
		{B6E73293-CD1C-0A1E-93A0-73A1DB4284A6}.Debug|Any CPU.ActiveCfg = Debug|Any CPU
		{B6E73293-CD1C-0A1E-93A0-73A1DB4284A6}.Debug|Any CPU.Build.0 = Debug|Any CPU
		{B6E73293-CD1C-0A1E-93A0-73A1DB4284A6}.Release|Any CPU.ActiveCfg = Release|Any CPU
		{B6E73293-CD1C-0A1E-93A0-73A1DB4284A6}.Release|Any CPU.Build.0 = Release|Any CPU
		{FBD5B9C3-B410-A380-2A08-53CD0145ADEF}.Debug|Any CPU.ActiveCfg = Debug|Any CPU
		{FBD5B9C3-B410-A380-2A08-53CD0145ADEF}.Debug|Any CPU.Build.0 = Debug|Any CPU
		{FBD5B9C3-B410-A380-2A08-53CD0145ADEF}.Release|Any CPU.ActiveCfg = Release|Any CPU
		{FBD5B9C3-B410-A380-2A08-53CD0145ADEF}.Release|Any CPU.Build.0 = Release|Any CPU
	EndGlobalSection
	GlobalSection(SolutionProperties) = preSolution
		HideSolutionNode = FALSE
	EndGlobalSection
EndGlobal
