
Microsoft Visual Studio Solution File, Format Version 12.00
# Visual Studio 15
Project("{FAE04EC0-301F-11D3-BF4B-00C04F79EFBC}") = "Assembly-CSharp", "Assembly-CSharp.csproj", "{50030532-5293-0B98-E17D-CBDCC2FEB51E}"
EndProject
Project("{FAE04EC0-301F-11D3-BF4B-00C04F79EFBC}") = "Assembly-CSharp-Editor", "Assembly-CSharp-Editor.csproj", "{44A6D0CE-0EBE-8F64-9F67-4DF1276A702D}"
EndProject
Project("{FAE04EC0-301F-11D3-BF4B-00C04F79EFBC}") = "WxEditor", "WxEditor.csproj", "{34DB063A-ED9C-DDAF-38E8-A5C491081B5E}"
EndProject
Project("{FAE04EC0-301F-11D3-BF4B-00C04F79EFBC}") = "Wx", "Wx.csproj", "{093B7DA3-BA89-8326-CF73-EB66ED2609B6}"
EndProject
Global
	GlobalSection(SolutionConfigurationPlatforms) = preSolution
		Debug|Any CPU = Debug|Any CPU
		Release|Any CPU = Release|Any CPU
	EndGlobalSection
	GlobalSection(ProjectConfigurationPlatforms) = postSolution
		{50030532-5293-0B98-E17D-CBDCC2FEB51E}.Debug|Any CPU.ActiveCfg = Debug|Any CPU
		{50030532-5293-0B98-E17D-CBDCC2FEB51E}.Debug|Any CPU.Build.0 = Debug|Any CPU
		{50030532-5293-0B98-E17D-CBDCC2FEB51E}.Release|Any CPU.ActiveCfg = Release|Any CPU
		{50030532-5293-0B98-E17D-CBDCC2FEB51E}.Release|Any CPU.Build.0 = Release|Any CPU
		{44A6D0CE-0EBE-8F64-9F67-4DF1276A702D}.Debug|Any CPU.ActiveCfg = Debug|Any CPU
		{44A6D0CE-0EBE-8F64-9F67-4DF1276A702D}.Debug|Any CPU.Build.0 = Debug|Any CPU
		{44A6D0CE-0EBE-8F64-9F67-4DF1276A702D}.Release|Any CPU.ActiveCfg = Release|Any CPU
		{44A6D0CE-0EBE-8F64-9F67-4DF1276A702D}.Release|Any CPU.Build.0 = Release|Any CPU
		{34DB063A-ED9C-DDAF-38E8-A5C491081B5E}.Debug|Any CPU.ActiveCfg = Debug|Any CPU
		{34DB063A-ED9C-DDAF-38E8-A5C491081B5E}.Debug|Any CPU.Build.0 = Debug|Any CPU
		{34DB063A-ED9C-DDAF-38E8-A5C491081B5E}.Release|Any CPU.ActiveCfg = Release|Any CPU
		{34DB063A-ED9C-DDAF-38E8-A5C491081B5E}.Release|Any CPU.Build.0 = Release|Any CPU
		{093B7DA3-BA89-8326-CF73-EB66ED2609B6}.Debug|Any CPU.ActiveCfg = Debug|Any CPU
		{093B7DA3-BA89-8326-CF73-EB66ED2609B6}.Debug|Any CPU.Build.0 = Debug|Any CPU
		{093B7DA3-BA89-8326-CF73-EB66ED2609B6}.Release|Any CPU.ActiveCfg = Release|Any CPU
		{093B7DA3-BA89-8326-CF73-EB66ED2609B6}.Release|Any CPU.Build.0 = Release|Any CPU
	EndGlobalSection
	GlobalSection(SolutionProperties) = preSolution
		HideSolutionNode = FALSE
	EndGlobalSection
EndGlobal
