
Microsoft Visual Studio Solution File, Format Version 12.00
# Visual Studio 15
Project("{FAE04EC0-301F-11D3-BF4B-00C04F79EFBC}") = "Dreamteck.Splines", "Dreamteck.Splines.csproj", "{F9251CEF-3B80-7137-DDF0-1659F1F2C237}"
EndProject
Project("{FAE04EC0-301F-11D3-BF4B-00C04F79EFBC}") = "NaughtyAttributes.Core", "NaughtyAttributes.Core.csproj", "{11BCE92B-B280-F0D9-EF18-7C584FAED6F0}"
EndProject
Project("{FAE04EC0-301F-11D3-BF4B-00C04F79EFBC}") = "Dreamteck.Splines.Editor", "Dreamteck.Splines.Editor.csproj", "{CC15AE2E-1A9D-BA75-7FD3-9EF000929960}"
EndProject
Project("{FAE04EC0-301F-11D3-BF4B-00C04F79EFBC}") = "Assembly-CSharp", "Assembly-CSharp.csproj", "{7F6E7BF7-18BE-B3FA-ECB2-93D883CDCAEB}"
EndProject
Project("{FAE04EC0-301F-11D3-BF4B-00C04F79EFBC}") = "NaughtyAttributes.Editor", "NaughtyAttributes.Editor.csproj", "{6C11500F-6B9D-A484-4EF5-6CA632751CD6}"
EndProject
Project("{FAE04EC0-301F-11D3-BF4B-00C04F79EFBC}") = "WxEditor", "WxEditor.csproj", "{5DC2EE52-0613-3944-C67F-1FE8C17BA9E3}"
EndProject
Project("{FAE04EC0-301F-11D3-BF4B-00C04F79EFBC}") = "Dreamteck.Utilities.Editor", "Dreamteck.Utilities.Editor.csproj", "{1F719C9F-D212-EC2F-52F9-A251DA0F2712}"
EndProject
Project("{FAE04EC0-301F-11D3-BF4B-00C04F79EFBC}") = "NaughtyAttributes.Test", "NaughtyAttributes.Test.csproj", "{B4F2DFE0-7DEB-BFAD-FF5A-05F8E200B772}"
EndProject
Project("{FAE04EC0-301F-11D3-BF4B-00C04F79EFBC}") = "Dreamteck.Utilities", "Dreamteck.Utilities.csproj", "{4C9EB5F4-CC65-2177-2A1A-4A9CED1CF6A7}"
EndProject
Project("{FAE04EC0-301F-11D3-BF4B-00C04F79EFBC}") = "Wx", "Wx.csproj", "{BE15AA2F-5AE8-4D4A-3D57-CDC05B39EEC3}"
EndProject
Project("{FAE04EC0-301F-11D3-BF4B-00C04F79EFBC}") = "MoreMountains.NiceVibrations.Haptics", "MoreMountains.NiceVibrations.Haptics.csproj", "{C48A3305-B7FB-D2FC-9D76-5482A283EB5B}"
EndProject
Project("{FAE04EC0-301F-11D3-BF4B-00C04F79EFBC}") = "MoreMountains.NiceVibrations.Editor", "MoreMountains.NiceVibrations.Editor.csproj", "{B39EB9DF-26BB-C663-7C7F-98F7BBBCCD8C}"
EndProject
Project("{FAE04EC0-301F-11D3-BF4B-00C04F79EFBC}") = "UIEffect", "UIEffect.csproj", "{989111C2-39F8-9957-093A-0F14062F74FE}"
EndProject
Project("{FAE04EC0-301F-11D3-BF4B-00C04F79EFBC}") = "UIEffect-Editor", "UIEffect-Editor.csproj", "{FDB95DAB-C574-3DAB-A086-532563B2329A}"
EndProject
Project("{FAE04EC0-301F-11D3-BF4B-00C04F79EFBC}") = "MoreMountains.NiceVibrations", "MoreMountains.NiceVibrations.csproj", "{74776C18-7054-CDD9-20ED-F4C88B6EB305}"
EndProject
Project("{FAE04EC0-301F-11D3-BF4B-00C04F79EFBC}") = "Assembly-CSharp-Editor", "Assembly-CSharp-Editor.csproj", "{6394F5DA-FA2D-A025-AA3D-64E16F74D921}"
EndProject
Global
	GlobalSection(SolutionConfigurationPlatforms) = preSolution
		Debug|Any CPU = Debug|Any CPU
		Release|Any CPU = Release|Any CPU
	EndGlobalSection
	GlobalSection(ProjectConfigurationPlatforms) = postSolution
		{F9251CEF-3B80-7137-DDF0-1659F1F2C237}.Debug|Any CPU.ActiveCfg = Debug|Any CPU
		{F9251CEF-3B80-7137-DDF0-1659F1F2C237}.Debug|Any CPU.Build.0 = Debug|Any CPU
		{F9251CEF-3B80-7137-DDF0-1659F1F2C237}.Release|Any CPU.ActiveCfg = Release|Any CPU
		{F9251CEF-3B80-7137-DDF0-1659F1F2C237}.Release|Any CPU.Build.0 = Release|Any CPU
		{11BCE92B-B280-F0D9-EF18-7C584FAED6F0}.Debug|Any CPU.ActiveCfg = Debug|Any CPU
		{11BCE92B-B280-F0D9-EF18-7C584FAED6F0}.Debug|Any CPU.Build.0 = Debug|Any CPU
		{11BCE92B-B280-F0D9-EF18-7C584FAED6F0}.Release|Any CPU.ActiveCfg = Release|Any CPU
		{11BCE92B-B280-F0D9-EF18-7C584FAED6F0}.Release|Any CPU.Build.0 = Release|Any CPU
		{CC15AE2E-1A9D-BA75-7FD3-9EF000929960}.Debug|Any CPU.ActiveCfg = Debug|Any CPU
		{CC15AE2E-1A9D-BA75-7FD3-9EF000929960}.Debug|Any CPU.Build.0 = Debug|Any CPU
		{CC15AE2E-1A9D-BA75-7FD3-9EF000929960}.Release|Any CPU.ActiveCfg = Release|Any CPU
		{CC15AE2E-1A9D-BA75-7FD3-9EF000929960}.Release|Any CPU.Build.0 = Release|Any CPU
		{7F6E7BF7-18BE-B3FA-ECB2-93D883CDCAEB}.Debug|Any CPU.ActiveCfg = Debug|Any CPU
		{7F6E7BF7-18BE-B3FA-ECB2-93D883CDCAEB}.Debug|Any CPU.Build.0 = Debug|Any CPU
		{7F6E7BF7-18BE-B3FA-ECB2-93D883CDCAEB}.Release|Any CPU.ActiveCfg = Release|Any CPU
		{7F6E7BF7-18BE-B3FA-ECB2-93D883CDCAEB}.Release|Any CPU.Build.0 = Release|Any CPU
		{6C11500F-6B9D-A484-4EF5-6CA632751CD6}.Debug|Any CPU.ActiveCfg = Debug|Any CPU
		{6C11500F-6B9D-A484-4EF5-6CA632751CD6}.Debug|Any CPU.Build.0 = Debug|Any CPU
		{6C11500F-6B9D-A484-4EF5-6CA632751CD6}.Release|Any CPU.ActiveCfg = Release|Any CPU
		{6C11500F-6B9D-A484-4EF5-6CA632751CD6}.Release|Any CPU.Build.0 = Release|Any CPU
		{5DC2EE52-0613-3944-C67F-1FE8C17BA9E3}.Debug|Any CPU.ActiveCfg = Debug|Any CPU
		{5DC2EE52-0613-3944-C67F-1FE8C17BA9E3}.Debug|Any CPU.Build.0 = Debug|Any CPU
		{5DC2EE52-0613-3944-C67F-1FE8C17BA9E3}.Release|Any CPU.ActiveCfg = Release|Any CPU
		{5DC2EE52-0613-3944-C67F-1FE8C17BA9E3}.Release|Any CPU.Build.0 = Release|Any CPU
		{1F719C9F-D212-EC2F-52F9-A251DA0F2712}.Debug|Any CPU.ActiveCfg = Debug|Any CPU
		{1F719C9F-D212-EC2F-52F9-A251DA0F2712}.Debug|Any CPU.Build.0 = Debug|Any CPU
		{1F719C9F-D212-EC2F-52F9-A251DA0F2712}.Release|Any CPU.ActiveCfg = Release|Any CPU
		{1F719C9F-D212-EC2F-52F9-A251DA0F2712}.Release|Any CPU.Build.0 = Release|Any CPU
		{B4F2DFE0-7DEB-BFAD-FF5A-05F8E200B772}.Debug|Any CPU.ActiveCfg = Debug|Any CPU
		{B4F2DFE0-7DEB-BFAD-FF5A-05F8E200B772}.Debug|Any CPU.Build.0 = Debug|Any CPU
		{B4F2DFE0-7DEB-BFAD-FF5A-05F8E200B772}.Release|Any CPU.ActiveCfg = Release|Any CPU
		{B4F2DFE0-7DEB-BFAD-FF5A-05F8E200B772}.Release|Any CPU.Build.0 = Release|Any CPU
		{4C9EB5F4-CC65-2177-2A1A-4A9CED1CF6A7}.Debug|Any CPU.ActiveCfg = Debug|Any CPU
		{4C9EB5F4-CC65-2177-2A1A-4A9CED1CF6A7}.Debug|Any CPU.Build.0 = Debug|Any CPU
		{4C9EB5F4-CC65-2177-2A1A-4A9CED1CF6A7}.Release|Any CPU.ActiveCfg = Release|Any CPU
		{4C9EB5F4-CC65-2177-2A1A-4A9CED1CF6A7}.Release|Any CPU.Build.0 = Release|Any CPU
		{BE15AA2F-5AE8-4D4A-3D57-CDC05B39EEC3}.Debug|Any CPU.ActiveCfg = Debug|Any CPU
		{BE15AA2F-5AE8-4D4A-3D57-CDC05B39EEC3}.Debug|Any CPU.Build.0 = Debug|Any CPU
		{BE15AA2F-5AE8-4D4A-3D57-CDC05B39EEC3}.Release|Any CPU.ActiveCfg = Release|Any CPU
		{BE15AA2F-5AE8-4D4A-3D57-CDC05B39EEC3}.Release|Any CPU.Build.0 = Release|Any CPU
		{C48A3305-B7FB-D2FC-9D76-5482A283EB5B}.Debug|Any CPU.ActiveCfg = Debug|Any CPU
		{C48A3305-B7FB-D2FC-9D76-5482A283EB5B}.Debug|Any CPU.Build.0 = Debug|Any CPU
		{C48A3305-B7FB-D2FC-9D76-5482A283EB5B}.Release|Any CPU.ActiveCfg = Release|Any CPU
		{C48A3305-B7FB-D2FC-9D76-5482A283EB5B}.Release|Any CPU.Build.0 = Release|Any CPU
		{B39EB9DF-26BB-C663-7C7F-98F7BBBCCD8C}.Debug|Any CPU.ActiveCfg = Debug|Any CPU
		{B39EB9DF-26BB-C663-7C7F-98F7BBBCCD8C}.Debug|Any CPU.Build.0 = Debug|Any CPU
		{B39EB9DF-26BB-C663-7C7F-98F7BBBCCD8C}.Release|Any CPU.ActiveCfg = Release|Any CPU
		{B39EB9DF-26BB-C663-7C7F-98F7BBBCCD8C}.Release|Any CPU.Build.0 = Release|Any CPU
		{989111C2-39F8-9957-093A-0F14062F74FE}.Debug|Any CPU.ActiveCfg = Debug|Any CPU
		{989111C2-39F8-9957-093A-0F14062F74FE}.Debug|Any CPU.Build.0 = Debug|Any CPU
		{989111C2-39F8-9957-093A-0F14062F74FE}.Release|Any CPU.ActiveCfg = Release|Any CPU
		{989111C2-39F8-9957-093A-0F14062F74FE}.Release|Any CPU.Build.0 = Release|Any CPU
		{FDB95DAB-C574-3DAB-A086-532563B2329A}.Debug|Any CPU.ActiveCfg = Debug|Any CPU
		{FDB95DAB-C574-3DAB-A086-532563B2329A}.Debug|Any CPU.Build.0 = Debug|Any CPU
		{FDB95DAB-C574-3DAB-A086-532563B2329A}.Release|Any CPU.ActiveCfg = Release|Any CPU
		{FDB95DAB-C574-3DAB-A086-532563B2329A}.Release|Any CPU.Build.0 = Release|Any CPU
		{74776C18-7054-CDD9-20ED-F4C88B6EB305}.Debug|Any CPU.ActiveCfg = Debug|Any CPU
		{74776C18-7054-CDD9-20ED-F4C88B6EB305}.Debug|Any CPU.Build.0 = Debug|Any CPU
		{74776C18-7054-CDD9-20ED-F4C88B6EB305}.Release|Any CPU.ActiveCfg = Release|Any CPU
		{74776C18-7054-CDD9-20ED-F4C88B6EB305}.Release|Any CPU.Build.0 = Release|Any CPU
		{6394F5DA-FA2D-A025-AA3D-64E16F74D921}.Debug|Any CPU.ActiveCfg = Debug|Any CPU
		{6394F5DA-FA2D-A025-AA3D-64E16F74D921}.Debug|Any CPU.Build.0 = Debug|Any CPU
		{6394F5DA-FA2D-A025-AA3D-64E16F74D921}.Release|Any CPU.ActiveCfg = Release|Any CPU
		{6394F5DA-FA2D-A025-AA3D-64E16F74D921}.Release|Any CPU.Build.0 = Release|Any CPU
	EndGlobalSection
	GlobalSection(SolutionProperties) = preSolution
		HideSolutionNode = FALSE
	EndGlobalSection
EndGlobal
