
Microsoft Visual Studio Solution File, Format Version 12.00
# Visual Studio 15
Project("{FAE04EC0-301F-11D3-BF4B-00C04F79EFBC}") = "Assembly-CSharp", "Assembly-CSharp.csproj", "{DB08CF8C-D5DD-A817-26A6-6C2EEA351906}"
EndProject
Project("{FAE04EC0-301F-11D3-BF4B-00C04F79EFBC}") = "WxEditor", "WxEditor.csproj", "{330F4037-FBB9-3E8A-8037-556B9E3546B5}"
EndProject
Project("{FAE04EC0-301F-11D3-BF4B-00C04F79EFBC}") = "Wx", "Wx.csproj", "{C0599127-2AD4-F0DD-BDB8-95B7F87DFD00}"
EndProject
Project("{FAE04EC0-301F-11D3-BF4B-00C04F79EFBC}") = "Assembly-CSharp-firstpass", "Assembly-CSharp-firstpass.csproj", "{D38FC8E5-070C-6C73-CAF2-A66D51E87DE0}"
EndProject
Project("{FAE04EC0-301F-11D3-BF4B-00C04F79EFBC}") = "Assembly-CSharp-Editor", "Assembly-CSharp-Editor.csproj", "{97DEF16D-55A7-A052-B041-68F3A99B4D29}"
EndProject
Global
	GlobalSection(SolutionConfigurationPlatforms) = preSolution
		Debug|Any CPU = Debug|Any CPU
		Release|Any CPU = Release|Any CPU
	EndGlobalSection
	GlobalSection(ProjectConfigurationPlatforms) = postSolution
		{DB08CF8C-D5DD-A817-26A6-6C2EEA351906}.Debug|Any CPU.ActiveCfg = Debug|Any CPU
		{DB08CF8C-D5DD-A817-26A6-6C2EEA351906}.Debug|Any CPU.Build.0 = Debug|Any CPU
		{DB08CF8C-D5DD-A817-26A6-6C2EEA351906}.Release|Any CPU.ActiveCfg = Release|Any CPU
		{DB08CF8C-D5DD-A817-26A6-6C2EEA351906}.Release|Any CPU.Build.0 = Release|Any CPU
		{330F4037-FBB9-3E8A-8037-556B9E3546B5}.Debug|Any CPU.ActiveCfg = Debug|Any CPU
		{330F4037-FBB9-3E8A-8037-556B9E3546B5}.Debug|Any CPU.Build.0 = Debug|Any CPU
		{330F4037-FBB9-3E8A-8037-556B9E3546B5}.Release|Any CPU.ActiveCfg = Release|Any CPU
		{330F4037-FBB9-3E8A-8037-556B9E3546B5}.Release|Any CPU.Build.0 = Release|Any CPU
		{C0599127-2AD4-F0DD-BDB8-95B7F87DFD00}.Debug|Any CPU.ActiveCfg = Debug|Any CPU
		{C0599127-2AD4-F0DD-BDB8-95B7F87DFD00}.Debug|Any CPU.Build.0 = Debug|Any CPU
		{C0599127-2AD4-F0DD-BDB8-95B7F87DFD00}.Release|Any CPU.ActiveCfg = Release|Any CPU
		{C0599127-2AD4-F0DD-BDB8-95B7F87DFD00}.Release|Any CPU.Build.0 = Release|Any CPU
		{D38FC8E5-070C-6C73-CAF2-A66D51E87DE0}.Debug|Any CPU.ActiveCfg = Debug|Any CPU
		{D38FC8E5-070C-6C73-CAF2-A66D51E87DE0}.Debug|Any CPU.Build.0 = Debug|Any CPU
		{D38FC8E5-070C-6C73-CAF2-A66D51E87DE0}.Release|Any CPU.ActiveCfg = Release|Any CPU
		{D38FC8E5-070C-6C73-CAF2-A66D51E87DE0}.Release|Any CPU.Build.0 = Release|Any CPU
		{97DEF16D-55A7-A052-B041-68F3A99B4D29}.Debug|Any CPU.ActiveCfg = Debug|Any CPU
		{97DEF16D-55A7-A052-B041-68F3A99B4D29}.Debug|Any CPU.Build.0 = Debug|Any CPU
		{97DEF16D-55A7-A052-B041-68F3A99B4D29}.Release|Any CPU.ActiveCfg = Release|Any CPU
		{97DEF16D-55A7-A052-B041-68F3A99B4D29}.Release|Any CPU.Build.0 = Release|Any CPU
	EndGlobalSection
	GlobalSection(SolutionProperties) = preSolution
		HideSolutionNode = FALSE
	EndGlobalSection
EndGlobal
