
Microsoft Visual Studio Solution File, Format Version 12.00
# Visual Studio 15
Project("{FAE04EC0-301F-11D3-BF4B-00C04F79EFBC}") = "Assembly-CSharp", "Assembly-CSharp.csproj", "{0740A8FE-73BF-32DA-43C2-D1FF7713EA6B}"
EndProject
Project("{FAE04EC0-301F-11D3-BF4B-00C04F79EFBC}") = "CW.Common", "CW.Common.csproj", "{59E5A919-E531-5C70-FDC5-9D895E3D4C68}"
EndProject
Project("{FAE04EC0-301F-11D3-BF4B-00C04F79EFBC}") = "LeanCommon", "LeanCommon.csproj", "{DFB18A93-63EB-85F9-DF9E-6C7410281852}"
EndProject
Project("{FAE04EC0-301F-11D3-BF4B-00C04F79EFBC}") = "WxEditor", "WxEditor.csproj", "{49B122E0-66CA-73F4-61FB-2B602EECF21B}"
EndProject
Project("{FAE04EC0-301F-11D3-BF4B-00C04F79EFBC}") = "Assembly-CSharp-Editor", "Assembly-CSharp-Editor.csproj", "{D288EF95-A91E-611C-1183-52E2C48A7EAA}"
EndProject
Project("{FAE04EC0-301F-11D3-BF4B-00C04F79EFBC}") = "Wx", "Wx.csproj", "{D8C4820E-E150-D07A-7E88-6EAF37830F3C}"
EndProject
Project("{FAE04EC0-301F-11D3-BF4B-00C04F79EFBC}") = "Assembly-CSharp-firstpass", "Assembly-CSharp-firstpass.csproj", "{AD438A65-59B0-1959-6227-A52A8579F852}"
EndProject
Project("{FAE04EC0-301F-11D3-BF4B-00C04F79EFBC}") = "LeanTouch", "LeanTouch.csproj", "{2B3FC5AD-5E63-3EF2-ADA9-90C220B42D53}"
EndProject
Global
	GlobalSection(SolutionConfigurationPlatforms) = preSolution
		Debug|Any CPU = Debug|Any CPU
		Release|Any CPU = Release|Any CPU
	EndGlobalSection
	GlobalSection(ProjectConfigurationPlatforms) = postSolution
		{0740A8FE-73BF-32DA-43C2-D1FF7713EA6B}.Debug|Any CPU.ActiveCfg = Debug|Any CPU
		{0740A8FE-73BF-32DA-43C2-D1FF7713EA6B}.Debug|Any CPU.Build.0 = Debug|Any CPU
		{0740A8FE-73BF-32DA-43C2-D1FF7713EA6B}.Release|Any CPU.ActiveCfg = Release|Any CPU
		{0740A8FE-73BF-32DA-43C2-D1FF7713EA6B}.Release|Any CPU.Build.0 = Release|Any CPU
		{59E5A919-E531-5C70-FDC5-9D895E3D4C68}.Debug|Any CPU.ActiveCfg = Debug|Any CPU
		{59E5A919-E531-5C70-FDC5-9D895E3D4C68}.Debug|Any CPU.Build.0 = Debug|Any CPU
		{59E5A919-E531-5C70-FDC5-9D895E3D4C68}.Release|Any CPU.ActiveCfg = Release|Any CPU
		{59E5A919-E531-5C70-FDC5-9D895E3D4C68}.Release|Any CPU.Build.0 = Release|Any CPU
		{DFB18A93-63EB-85F9-DF9E-6C7410281852}.Debug|Any CPU.ActiveCfg = Debug|Any CPU
		{DFB18A93-63EB-85F9-DF9E-6C7410281852}.Debug|Any CPU.Build.0 = Debug|Any CPU
		{DFB18A93-63EB-85F9-DF9E-6C7410281852}.Release|Any CPU.ActiveCfg = Release|Any CPU
		{DFB18A93-63EB-85F9-DF9E-6C7410281852}.Release|Any CPU.Build.0 = Release|Any CPU
		{49B122E0-66CA-73F4-61FB-2B602EECF21B}.Debug|Any CPU.ActiveCfg = Debug|Any CPU
		{49B122E0-66CA-73F4-61FB-2B602EECF21B}.Debug|Any CPU.Build.0 = Debug|Any CPU
		{49B122E0-66CA-73F4-61FB-2B602EECF21B}.Release|Any CPU.ActiveCfg = Release|Any CPU
		{49B122E0-66CA-73F4-61FB-2B602EECF21B}.Release|Any CPU.Build.0 = Release|Any CPU
		{D288EF95-A91E-611C-1183-52E2C48A7EAA}.Debug|Any CPU.ActiveCfg = Debug|Any CPU
		{D288EF95-A91E-611C-1183-52E2C48A7EAA}.Debug|Any CPU.Build.0 = Debug|Any CPU
		{D288EF95-A91E-611C-1183-52E2C48A7EAA}.Release|Any CPU.ActiveCfg = Release|Any CPU
		{D288EF95-A91E-611C-1183-52E2C48A7EAA}.Release|Any CPU.Build.0 = Release|Any CPU
		{D8C4820E-E150-D07A-7E88-6EAF37830F3C}.Debug|Any CPU.ActiveCfg = Debug|Any CPU
		{D8C4820E-E150-D07A-7E88-6EAF37830F3C}.Debug|Any CPU.Build.0 = Debug|Any CPU
		{D8C4820E-E150-D07A-7E88-6EAF37830F3C}.Release|Any CPU.ActiveCfg = Release|Any CPU
		{D8C4820E-E150-D07A-7E88-6EAF37830F3C}.Release|Any CPU.Build.0 = Release|Any CPU
		{AD438A65-59B0-1959-6227-A52A8579F852}.Debug|Any CPU.ActiveCfg = Debug|Any CPU
		{AD438A65-59B0-1959-6227-A52A8579F852}.Debug|Any CPU.Build.0 = Debug|Any CPU
		{AD438A65-59B0-1959-6227-A52A8579F852}.Release|Any CPU.ActiveCfg = Release|Any CPU
		{AD438A65-59B0-1959-6227-A52A8579F852}.Release|Any CPU.Build.0 = Release|Any CPU
		{2B3FC5AD-5E63-3EF2-ADA9-90C220B42D53}.Debug|Any CPU.ActiveCfg = Debug|Any CPU
		{2B3FC5AD-5E63-3EF2-ADA9-90C220B42D53}.Debug|Any CPU.Build.0 = Debug|Any CPU
		{2B3FC5AD-5E63-3EF2-ADA9-90C220B42D53}.Release|Any CPU.ActiveCfg = Release|Any CPU
		{2B3FC5AD-5E63-3EF2-ADA9-90C220B42D53}.Release|Any CPU.Build.0 = Release|Any CPU
	EndGlobalSection
	GlobalSection(SolutionProperties) = preSolution
		HideSolutionNode = FALSE
	EndGlobalSection
EndGlobal
